
Microsoft Visual Studio Solution File, Format Version 12.00
# Visual Studio Version 16
VisualStudioVersion = 16.0.31019.35
MinimumVisualStudioVersion = 10.0.40219.1
Project("{2150E333-8FDC-42A3-9474-1A3956D46DE8}") = "DataVersions", "DataVersions", "{483F59B3-A7AF-421E-A650-D9141192A0E3}"
EndProject
Project("{9A19103F-16F7-4668-BE54-9A1E7A4F7556}") = "PerkinElmer.Simplicity.Data.Version15", "DataVersions\PerkinElmer.Simplicity.Data.Version15\PerkinElmer.Simplicity.Data.Version15.csproj", "{1C145614-0089-46CF-834C-53E078D2CAB3}"
EndProject
Project("{9A19103F-16F7-4668-BE54-9A1E7A4F7556}") = "PerkinElmer.Simplicity.Data.Version16", "DataVersions\PerkinElmer.Simplicity.Data.Version16\PerkinElmer.Simplicity.Data.Version16.csproj", "{FF013C59-A922-4A07-AB49-7CC1C61049A1}"
EndProject
Project("{9A19103F-16F7-4668-BE54-9A1E7A4F7556}") = "PerkinElmer.Simplicity.DataMigrationAssistant", "PerkinElmer.Simplicity.DataMigrationAssistant\PerkinElmer.Simplicity.DataMigrationAssistant.csproj", "{BB7EB6F3-8316-4728-BAC3-82086FA22736}"
EndProject
Project("{9A19103F-16F7-4668-BE54-9A1E7A4F7556}") = "PerkinElmer.Simplicity.DataMigration.Implementation", "PerkinElmer.Simplicity.DataMigration.Implementation\PerkinElmer.Simplicity.DataMigration.Implementation.csproj", "{DF2CD748-CEA2-45A5-A241-7B3AD3AD4651}"
EndProject
Project("{9A19103F-16F7-4668-BE54-9A1E7A4F7556}") = "PerkinElmer.Simplicity.DataMigration.Contracts", "PerkinElmer.Simplicity.DataMigration.Contracts\PerkinElmer.Simplicity.DataMigration.Contracts.csproj", "{AD42E104-4799-4D3D-9F4F-D92AE48F08EB}"
EndProject
Project("{2150E333-8FDC-42A3-9474-1A3956D46DE8}") = "DataTransforms", "DataTransforms", "{88390252-11A2-4161-A0BD-AE38AB6402C1}"
EndProject
Project("{9A19103F-16F7-4668-BE54-9A1E7A4F7556}") = "PerkinElmer.Simplicity.DataTransform.V15ToV16", "DataTransforms\PerkinElmer.Simplicity.DataTransform.V15ToV16\PerkinElmer.Simplicity.DataTransform.V15ToV16.csproj", "{7F38E682-DB08-48AB-A630-80828B24A05F}"
EndProject
Global
	GlobalSection(SolutionConfigurationPlatforms) = preSolution
		Debug|Any CPU = Debug|Any CPU
		Release|Any CPU = Release|Any CPU
	EndGlobalSection
	GlobalSection(ProjectConfigurationPlatforms) = postSolution
		{1C145614-0089-46CF-834C-53E078D2CAB3}.Debug|Any CPU.ActiveCfg = Debug|Any CPU
		{1C145614-0089-46CF-834C-53E078D2CAB3}.Debug|Any CPU.Build.0 = Debug|Any CPU
		{1C145614-0089-46CF-834C-53E078D2CAB3}.Release|Any CPU.ActiveCfg = Release|Any CPU
		{1C145614-0089-46CF-834C-53E078D2CAB3}.Release|Any CPU.Build.0 = Release|Any CPU
		{FF013C59-A922-4A07-AB49-7CC1C61049A1}.Debug|Any CPU.ActiveCfg = Debug|Any CPU
		{FF013C59-A922-4A07-AB49-7CC1C61049A1}.Debug|Any CPU.Build.0 = Debug|Any CPU
		{FF013C59-A922-4A07-AB49-7CC1C61049A1}.Release|Any CPU.ActiveCfg = Release|Any CPU
		{FF013C59-A922-4A07-AB49-7CC1C61049A1}.Release|Any CPU.Build.0 = Release|Any CPU
		{BB7EB6F3-8316-4728-BAC3-82086FA22736}.Debug|Any CPU.ActiveCfg = Debug|Any CPU
		{BB7EB6F3-8316-4728-BAC3-82086FA22736}.Debug|Any CPU.Build.0 = Debug|Any CPU
		{BB7EB6F3-8316-4728-BAC3-82086FA22736}.Release|Any CPU.ActiveCfg = Release|Any CPU
		{BB7EB6F3-8316-4728-BAC3-82086FA22736}.Release|Any CPU.Build.0 = Release|Any CPU
		{DF2CD748-CEA2-45A5-A241-7B3AD3AD4651}.Debug|Any CPU.ActiveCfg = Debug|Any CPU
		{DF2CD748-CEA2-45A5-A241-7B3AD3AD4651}.Debug|Any CPU.Build.0 = Debug|Any CPU
		{DF2CD748-CEA2-45A5-A241-7B3AD3AD4651}.Release|Any CPU.ActiveCfg = Release|Any CPU
		{DF2CD748-CEA2-45A5-A241-7B3AD3AD4651}.Release|Any CPU.Build.0 = Release|Any CPU
		{AD42E104-4799-4D3D-9F4F-D92AE48F08EB}.Debug|Any CPU.ActiveCfg = Debug|Any CPU
		{AD42E104-4799-4D3D-9F4F-D92AE48F08EB}.Debug|Any CPU.Build.0 = Debug|Any CPU
		{AD42E104-4799-4D3D-9F4F-D92AE48F08EB}.Release|Any CPU.ActiveCfg = Release|Any CPU
		{AD42E104-4799-4D3D-9F4F-D92AE48F08EB}.Release|Any CPU.Build.0 = Release|Any CPU
		{7F38E682-DB08-48AB-A630-80828B24A05F}.Debug|Any CPU.ActiveCfg = Debug|Any CPU
		{7F38E682-DB08-48AB-A630-80828B24A05F}.Debug|Any CPU.Build.0 = Debug|Any CPU
		{7F38E682-DB08-48AB-A630-80828B24A05F}.Release|Any CPU.ActiveCfg = Release|Any CPU
		{7F38E682-DB08-48AB-A630-80828B24A05F}.Release|Any CPU.Build.0 = Release|Any CPU
	EndGlobalSection
	GlobalSection(SolutionProperties) = preSolution
		HideSolutionNode = FALSE
	EndGlobalSection
	GlobalSection(NestedProjects) = preSolution
		{1C145614-0089-46CF-834C-53E078D2CAB3} = {483F59B3-A7AF-421E-A650-D9141192A0E3}
		{FF013C59-A922-4A07-AB49-7CC1C61049A1} = {483F59B3-A7AF-421E-A650-D9141192A0E3}
		{7F38E682-DB08-48AB-A630-80828B24A05F} = {88390252-11A2-4161-A0BD-AE38AB6402C1}
	EndGlobalSection
	GlobalSection(ExtensibilityGlobals) = postSolution
		SolutionGuid = {D21F6D9E-58B3-4530-8890-970E658FDE71}
	EndGlobalSection
EndGlobal
